
Microsoft Visual Studio Solution File, Format Version 12.00
# Visual Studio 15
VisualStudioVersion = 15.0.28307.539
MinimumVisualStudioVersion = 10.0.40219.1
Project("{FAE04EC0-301F-11D3-BF4B-00C04F79EFBC}") = "SharedWindowsFormsApp", "SharedWindowsFormsApp\SharedWindowsFormsApp.csproj", "{BC6A27DD-6EF5-4123-A8C3-0162EA194BA1}"
EndProject
Project("{D954291E-2A0B-460D-934E-DC6B0785DB48}") = "MySharedProject", "..\..\..\MySharedProject\MySharedProject\MySharedProject\MySharedProject\MySharedProject.shproj", "{D28CAB69-A6DA-4E3A-A360-6E2C2F0BA46D}"
EndProject
Global
	GlobalSection(SharedMSBuildProjectFiles) = preSolution
		..\..\..\MySharedProject\MySharedProject\MySharedProject\MySharedProject\MySharedProject.projitems*{bc6a27dd-6ef5-4123-a8c3-0162ea194ba1}*SharedItemsImports = 4
		..\..\..\MySharedProject\MySharedProject\MySharedProject\MySharedProject\MySharedProject.projitems*{d28cab69-a6da-4e3a-a360-6e2c2f0ba46d}*SharedItemsImports = 13
	EndGlobalSection
	GlobalSection(SolutionConfigurationPlatforms) = preSolution
		Debug|Any CPU = Debug|Any CPU
		Release|Any CPU = Release|Any CPU
	EndGlobalSection
	GlobalSection(ProjectConfigurationPlatforms) = postSolution
		{BC6A27DD-6EF5-4123-A8C3-0162EA194BA1}.Debug|Any CPU.ActiveCfg = Debug|Any CPU
		{BC6A27DD-6EF5-4123-A8C3-0162EA194BA1}.Debug|Any CPU.Build.0 = Debug|Any CPU
		{BC6A27DD-6EF5-4123-A8C3-0162EA194BA1}.Release|Any CPU.ActiveCfg = Release|Any CPU
		{BC6A27DD-6EF5-4123-A8C3-0162EA194BA1}.Release|Any CPU.Build.0 = Release|Any CPU
	EndGlobalSection
	GlobalSection(SolutionProperties) = preSolution
		HideSolutionNode = FALSE
	EndGlobalSection
	GlobalSection(ExtensibilityGlobals) = postSolution
		SolutionGuid = {A746E2C1-AD04-4115-AB17-C01C00E24B1A}
	EndGlobalSection
EndGlobal
